// !$*UTF8*$!
{
	archiveVersion = 1;
	classes = {
	};
	objectVersion = 46;
	objects = {

/* Begin PBXBuildFile section */
		27D2794EF9E648F2BCE028CB /* libPods-libPKJSONSocket.a in Frameworks */ = {isa = PBXBuildFile; fileRef = FDB6DE6C270A4364916656AA /* libPods-libPKJSONSocket.a */; };
		4EDB417D0B9A417D8DD2BD66 /* libPods-PKJSONSocketFramework.a in Frameworks */ = {isa = PBXBuildFile; fileRef = 8AEE8AD022C24324937D3D48 /* libPods-PKJSONSocketFramework.a */; };
		F90833AF180EFD420018C44E /* Foundation.framework in Frameworks */ = {isa = PBXBuildFile; fileRef = F9EBD9B2180EDFCD00711269 /* Foundation.framework */; };
		F90833D1180EFE060018C44E /* PKJSONSocket.m in Sources */ = {isa = PBXBuildFile; fileRef = F9EBD9DF180EE15000711269 /* PKJSONSocket.m */; };
		F90833D2180EFE080018C44E /* PKJSONSocketMessage.m in Sources */ = {isa = PBXBuildFile; fileRef = F90833A5180EFAC40018C44E /* PKJSONSocketMessage.m */; };
		F9C1C3DD180F19D900A206AC /* PKJSONSocket.m in Sources */ = {isa = PBXBuildFile; fileRef = F9EBD9DF180EE15000711269 /* PKJSONSocket.m */; };
		F9C1C3DE180F19DE00A206AC /* PKJSONSocketMessage.m in Sources */ = {isa = PBXBuildFile; fileRef = F90833A5180EFAC40018C44E /* PKJSONSocketMessage.m */; };
		F9C1C3DF180F19E300A206AC /* PKJSONSocketMessage.h in Headers */ = {isa = PBXBuildFile; fileRef = F90833A4180EFAC40018C44E /* PKJSONSocketMessage.h */; settings = {ATTRIBUTES = (Public, ); }; };
		F9C1C3E0180F19E500A206AC /* PKJSONSocketDelegate.h in Headers */ = {isa = PBXBuildFile; fileRef = F9C1C3AE180F140D00A206AC /* PKJSONSocketDelegate.h */; settings = {ATTRIBUTES = (Public, ); }; };
		F9C1C3E1180F19EC00A206AC /* PKJSONSocket.h in Headers */ = {isa = PBXBuildFile; fileRef = F9EBD9DE180EE15000711269 /* PKJSONSocket.h */; settings = {ATTRIBUTES = (Public, ); }; };
/* End PBXBuildFile section */

/* Begin PBXCopyFilesBuildPhase section */
		F90833AC180EFD420018C44E /* CopyFiles */ = {
			isa = PBXCopyFilesBuildPhase;
			buildActionMask = 2147483647;
			dstPath = "include/$(PRODUCT_NAME)";
			dstSubfolderSpec = 16;
			files = (
			);
			runOnlyForDeploymentPostprocessing = 0;
		};
/* End PBXCopyFilesBuildPhase section */

/* Begin PBXFileReference section */
		04B7905DF5DB45D09687075F /* Pods-libPKJSONSocket.xcconfig */ = {isa = PBXFileReference; includeInIndex = 1; lastKnownFileType = text.xcconfig; name = "Pods-libPKJSONSocket.xcconfig"; path = "Pods/Pods-libPKJSONSocket.xcconfig"; sourceTree = SOURCE_ROOT; };
		23731CDA1D8549259486F68F /* Pods-PKJSONSocketFramework.xcconfig */ = {isa = PBXFileReference; includeInIndex = 1; lastKnownFileType = text.xcconfig; name = "Pods-PKJSONSocketFramework.xcconfig"; path = "Pods/Pods-PKJSONSocketFramework.xcconfig"; sourceTree = SOURCE_ROOT; };
		8AEE8AD022C24324937D3D48 /* libPods-PKJSONSocketFramework.a */ = {isa = PBXFileReference; explicitFileType = archive.ar; includeInIndex = 0; path = "libPods-PKJSONSocketFramework.a"; sourceTree = BUILT_PRODUCTS_DIR; };
		F90833A4180EFAC40018C44E /* PKJSONSocketMessage.h */ = {isa = PBXFileReference; fileEncoding = 4; lastKnownFileType = sourcecode.c.h; path = PKJSONSocketMessage.h; sourceTree = "<group>"; };
		F90833A5180EFAC40018C44E /* PKJSONSocketMessage.m */ = {isa = PBXFileReference; fileEncoding = 4; lastKnownFileType = sourcecode.c.objc; path = PKJSONSocketMessage.m; sourceTree = "<group>"; };
		F90833AE180EFD420018C44E /* liblibPKJSONSocket.a */ = {isa = PBXFileReference; explicitFileType = archive.ar; includeInIndex = 0; path = liblibPKJSONSocket.a; sourceTree = BUILT_PRODUCTS_DIR; };
		F9C1C3AE180F140D00A206AC /* PKJSONSocketDelegate.h */ = {isa = PBXFileReference; lastKnownFileType = sourcecode.c.h; path = PKJSONSocketDelegate.h; sourceTree = "<group>"; };
		F9C1C3B4180F15FF00A206AC /* PKJSONSocketFramework.framework */ = {isa = PBXFileReference; explicitFileType = wrapper.framework; includeInIndex = 0; path = PKJSONSocketFramework.framework; sourceTree = BUILT_PRODUCTS_DIR; };
		F9EBD9B2180EDFCD00711269 /* Foundation.framework */ = {isa = PBXFileReference; lastKnownFileType = wrapper.framework; name = Foundation.framework; path = System/Library/Frameworks/Foundation.framework; sourceTree = SDKROOT; };
		F9EBD9C3180EDFD000711269 /* XCTest.framework */ = {isa = PBXFileReference; lastKnownFileType = wrapper.framework; name = XCTest.framework; path = Library/Frameworks/XCTest.framework; sourceTree = DEVELOPER_DIR; };
		F9EBD9DE180EE15000711269 /* PKJSONSocket.h */ = {isa = PBXFileReference; fileEncoding = 4; lastKnownFileType = sourcecode.c.h; path = PKJSONSocket.h; sourceTree = "<group>"; };
		F9EBD9DF180EE15000711269 /* PKJSONSocket.m */ = {isa = PBXFileReference; fileEncoding = 4; lastKnownFileType = sourcecode.c.objc; path = PKJSONSocket.m; sourceTree = "<group>"; };
		F9EBD9E1180EE15000711269 /* PKJSONSocket-Prefix.pch */ = {isa = PBXFileReference; fileEncoding = 4; lastKnownFileType = sourcecode.c.h; path = "PKJSONSocket-Prefix.pch"; sourceTree = "<group>"; };
		F9EBD9E3180EE15000711269 /* PKJSONSocket-Info.plist */ = {isa = PBXFileReference; fileEncoding = 4; lastKnownFileType = text.plist.xml; path = "PKJSONSocket-Info.plist"; sourceTree = "<group>"; };
		FDB6DE6C270A4364916656AA /* libPods-libPKJSONSocket.a */ = {isa = PBXFileReference; explicitFileType = archive.ar; includeInIndex = 0; path = "libPods-libPKJSONSocket.a"; sourceTree = BUILT_PRODUCTS_DIR; };
/* End PBXFileReference section */

/* Begin PBXFrameworksBuildPhase section */
		F90833AB180EFD420018C44E /* Frameworks */ = {
			isa = PBXFrameworksBuildPhase;
			buildActionMask = 2147483647;
			files = (
				F90833AF180EFD420018C44E /* Foundation.framework in Frameworks */,
				27D2794EF9E648F2BCE028CB /* libPods-libPKJSONSocket.a in Frameworks */,
			);
			runOnlyForDeploymentPostprocessing = 0;
		};
		F9C1C3B0180F15FF00A206AC /* Frameworks */ = {
			isa = PBXFrameworksBuildPhase;
			buildActionMask = 2147483647;
			files = (
				4EDB417D0B9A417D8DD2BD66 /* libPods-PKJSONSocketFramework.a in Frameworks */,
			);
			runOnlyForDeploymentPostprocessing = 0;
		};
/* End PBXFrameworksBuildPhase section */

/* Begin PBXGroup section */
		F9EBD9A4180EDFCD00711269 = {
			isa = PBXGroup;
			children = (
				F9EBD9B4180EDFCD00711269 /* PKJSONSocket */,
				F9EBD9B1180EDFCD00711269 /* Frameworks */,
				F9EBD9B0180EDFCD00711269 /* Products */,
				23731CDA1D8549259486F68F /* Pods-PKJSONSocketFramework.xcconfig */,
				04B7905DF5DB45D09687075F /* Pods-libPKJSONSocket.xcconfig */,
			);
			sourceTree = "<group>";
		};
		F9EBD9B0180EDFCD00711269 /* Products */ = {
			isa = PBXGroup;
			children = (
				F90833AE180EFD420018C44E /* liblibPKJSONSocket.a */,
				F9C1C3B4180F15FF00A206AC /* PKJSONSocketFramework.framework */,
			);
			name = Products;
			sourceTree = "<group>";
		};
		F9EBD9B1180EDFCD00711269 /* Frameworks */ = {
			isa = PBXGroup;
			children = (
				F9EBD9B2180EDFCD00711269 /* Foundation.framework */,
				F9EBD9C3180EDFD000711269 /* XCTest.framework */,
				8AEE8AD022C24324937D3D48 /* libPods-PKJSONSocketFramework.a */,
				FDB6DE6C270A4364916656AA /* libPods-libPKJSONSocket.a */,
			);
			name = Frameworks;
			sourceTree = "<group>";
		};
		F9EBD9B4180EDFCD00711269 /* PKJSONSocket */ = {
			isa = PBXGroup;
			children = (
				F9EBD9DD180EE15000711269 /* Classes */,
				F9EBD9E0180EE15000711269 /* Other Sources */,
				F9EBD9E2180EE15000711269 /* Resources */,
			);
			path = PKJSONSocket;
			sourceTree = "<group>";
		};
		F9EBD9DD180EE15000711269 /* Classes */ = {
			isa = PBXGroup;
			children = (
				F9EBD9DE180EE15000711269 /* PKJSONSocket.h */,
				F9EBD9DF180EE15000711269 /* PKJSONSocket.m */,
				F9C1C3AE180F140D00A206AC /* PKJSONSocketDelegate.h */,
				F90833A4180EFAC40018C44E /* PKJSONSocketMessage.h */,
				F90833A5180EFAC40018C44E /* PKJSONSocketMessage.m */,
			);
			path = Classes;
			sourceTree = "<group>";
		};
		F9EBD9E0180EE15000711269 /* Other Sources */ = {
			isa = PBXGroup;
			children = (
				F9EBD9E1180EE15000711269 /* PKJSONSocket-Prefix.pch */,
			);
			path = "Other Sources";
			sourceTree = "<group>";
		};
		F9EBD9E2180EE15000711269 /* Resources */ = {
			isa = PBXGroup;
			children = (
				F9EBD9E3180EE15000711269 /* PKJSONSocket-Info.plist */,
			);
			path = Resources;
			sourceTree = "<group>";
		};
/* End PBXGroup section */

/* Begin PBXHeadersBuildPhase section */
		F9C1C3B1180F15FF00A206AC /* Headers */ = {
			isa = PBXHeadersBuildPhase;
			buildActionMask = 2147483647;
			files = (
				F9C1C3DF180F19E300A206AC /* PKJSONSocketMessage.h in Headers */,
				F9C1C3E0180F19E500A206AC /* PKJSONSocketDelegate.h in Headers */,
				F9C1C3E1180F19EC00A206AC /* PKJSONSocket.h in Headers */,
			);
			runOnlyForDeploymentPostprocessing = 0;
		};
/* End PBXHeadersBuildPhase section */

/* Begin PBXNativeTarget section */
		F90833AD180EFD420018C44E /* libPKJSONSocket */ = {
			isa = PBXNativeTarget;
			buildConfigurationList = F90833CB180EFD420018C44E /* Build configuration list for PBXNativeTarget "libPKJSONSocket" */;
			buildPhases = (
				9344ADE179DD4F94B6E59845 /* Check Pods Manifest.lock */,
				F90833AA180EFD420018C44E /* Sources */,
				F90833AB180EFD420018C44E /* Frameworks */,
				F90833AC180EFD420018C44E /* CopyFiles */,
				184EFDACC292427B8A5992DE /* Copy Pods Resources */,
			);
			buildRules = (
			);
			dependencies = (
			);
			name = libPKJSONSocket;
			productName = PKJSONSocket;
			productReference = F90833AE180EFD420018C44E /* liblibPKJSONSocket.a */;
			productType = "com.apple.product-type.library.static";
		};
		F9C1C3B3180F15FF00A206AC /* PKJSONSocketFramework */ = {
			isa = PBXNativeTarget;
			buildConfigurationList = F9C1C3D7180F160000A206AC /* Build configuration list for PBXNativeTarget "PKJSONSocketFramework" */;
			buildPhases = (
				B98FA01259F645029BCDE216 /* Check Pods Manifest.lock */,
				F9C1C3AF180F15FF00A206AC /* Sources */,
				F9C1C3B0180F15FF00A206AC /* Frameworks */,
				F9C1C3B1180F15FF00A206AC /* Headers */,
				400ADD119AD34970B30FDA7F /* Copy Pods Resources */,
			);
			buildRules = (
			);
			dependencies = (
			);
			name = PKJSONSocketFramework;
			productName = PKJSONSocketFramework;
			productReference = F9C1C3B4180F15FF00A206AC /* PKJSONSocketFramework.framework */;
			productType = "com.apple.product-type.framework";
		};
/* End PBXNativeTarget section */

/* Begin PBXProject section */
		F9EBD9A5180EDFCD00711269 /* Project object */ = {
			isa = PBXProject;
			attributes = {
				LastUpgradeCheck = 0500;
				ORGANIZATIONNAME = "zuui.org (Philip Kluz)";
			};
			buildConfigurationList = F9EBD9A8180EDFCD00711269 /* Build configuration list for PBXProject "PKJSONSocket" */;
			compatibilityVersion = "Xcode 3.2";
			developmentRegion = English;
			hasScannedForEncodings = 0;
			knownRegions = (
				en,
			);
			mainGroup = F9EBD9A4180EDFCD00711269;
			productRefGroup = F9EBD9B0180EDFCD00711269 /* Products */;
			projectDirPath = "";
			projectRoot = "";
			targets = (
				F90833AD180EFD420018C44E /* libPKJSONSocket */,
				F9C1C3B3180F15FF00A206AC /* PKJSONSocketFramework */,
			);
		};
/* End PBXProject section */

/* Begin PBXShellScriptBuildPhase section */
		184EFDACC292427B8A5992DE /* Copy Pods Resources */ = {
			isa = PBXShellScriptBuildPhase;
			buildActionMask = 2147483647;
			files = (
			);
			inputPaths = (
			);
			name = "Copy Pods Resources";
			outputPaths = (
			);
			runOnlyForDeploymentPostprocessing = 0;
			shellPath = /bin/sh;
			shellScript = "\"${SRCROOT}/Pods/Pods-libPKJSONSocket-resources.sh\"\n";
		};
		400ADD119AD34970B30FDA7F /* Copy Pods Resources */ = {
			isa = PBXShellScriptBuildPhase;
			buildActionMask = 2147483647;
			files = (
			);
			inputPaths = (
			);
			name = "Copy Pods Resources";
			outputPaths = (
			);
			runOnlyForDeploymentPostprocessing = 0;
			shellPath = /bin/sh;
			shellScript = "\"${SRCROOT}/Pods/Pods-PKJSONSocketFramework-resources.sh\"\n";
		};
		9344ADE179DD4F94B6E59845 /* Check Pods Manifest.lock */ = {
			isa = PBXShellScriptBuildPhase;
			buildActionMask = 2147483647;
			files = (
			);
			inputPaths = (
			);
			name = "Check Pods Manifest.lock";
			outputPaths = (
			);
			runOnlyForDeploymentPostprocessing = 0;
			shellPath = /bin/sh;
			shellScript = "diff \"${PODS_ROOT}/../Podfile.lock\" \"${PODS_ROOT}/Manifest.lock\" > /dev/null\nif [[ $? != 0 ]] ; then\n    cat << EOM\nerror: The sandbox is not in sync with the Podfile.lock. Run 'pod install' or update your CocoaPods installation.\nEOM\n    exit 1\nfi\n";
		};
		B98FA01259F645029BCDE216 /* Check Pods Manifest.lock */ = {
			isa = PBXShellScriptBuildPhase;
			buildActionMask = 2147483647;
			files = (
			);
			inputPaths = (
			);
			name = "Check Pods Manifest.lock";
			outputPaths = (
			);
			runOnlyForDeploymentPostprocessing = 0;
			shellPath = /bin/sh;
			shellScript = "diff \"${PODS_ROOT}/../Podfile.lock\" \"${PODS_ROOT}/Manifest.lock\" > /dev/null\nif [[ $? != 0 ]] ; then\n    cat << EOM\nerror: The sandbox is not in sync with the Podfile.lock. Run 'pod install' or update your CocoaPods installation.\nEOM\n    exit 1\nfi\n";
		};
/* End PBXShellScriptBuildPhase section */

/* Begin PBXSourcesBuildPhase section */
		F90833AA180EFD420018C44E /* Sources */ = {
			isa = PBXSourcesBuildPhase;
			buildActionMask = 2147483647;
			files = (
				F90833D1180EFE060018C44E /* PKJSONSocket.m in Sources */,
				F90833D2180EFE080018C44E /* PKJSONSocketMessage.m in Sources */,
			);
			runOnlyForDeploymentPostprocessing = 0;
		};
		F9C1C3AF180F15FF00A206AC /* Sources */ = {
			isa = PBXSourcesBuildPhase;
			buildActionMask = 2147483647;
			files = (
				F9C1C3DE180F19DE00A206AC /* PKJSONSocketMessage.m in Sources */,
				F9C1C3DD180F19D900A206AC /* PKJSONSocket.m in Sources */,
			);
			runOnlyForDeploymentPostprocessing = 0;
		};
/* End PBXSourcesBuildPhase section */

/* Begin XCBuildConfiguration section */
		F90833CC180EFD420018C44E /* Debug */ = {
			isa = XCBuildConfiguration;
			baseConfigurationReference = 04B7905DF5DB45D09687075F /* Pods-libPKJSONSocket.xcconfig */;
			buildSettings = {
				ARCHS = "$(ARCHS_STANDARD_INCLUDING_64_BIT)";
				DSTROOT = /tmp/PKJSONSocket.dst;
				GCC_PRECOMPILE_PREFIX_HEADER = YES;
				GCC_PREFIX_HEADER = "PKJSONSocket/Other Sources/PKJSONSocket-Prefix.pch";
				GCC_PREPROCESSOR_DEFINITIONS = (
					"DEBUG=1",
					"$(inherited)",
				);
				OTHER_LDFLAGS = "$(inherited)";
				PRODUCT_NAME = "$(TARGET_NAME)";
				SKIP_INSTALL = YES;
			};
			name = Debug;
		};
		F90833CD180EFD420018C44E /* Release */ = {
			isa = XCBuildConfiguration;
			baseConfigurationReference = 04B7905DF5DB45D09687075F /* Pods-libPKJSONSocket.xcconfig */;
			buildSettings = {
				ARCHS = "$(ARCHS_STANDARD_INCLUDING_64_BIT)";
				DSTROOT = /tmp/PKJSONSocket.dst;
				GCC_PRECOMPILE_PREFIX_HEADER = YES;
				GCC_PREFIX_HEADER = "PKJSONSocket/Other Sources/PKJSONSocket-Prefix.pch";
				OTHER_LDFLAGS = "$(inherited)";
				PRODUCT_NAME = "$(TARGET_NAME)";
				SKIP_INSTALL = YES;
			};
			name = Release;
		};
		F9C1C3D8180F160000A206AC /* Debug */ = {
			isa = XCBuildConfiguration;
			baseConfigurationReference = 23731CDA1D8549259486F68F /* Pods-PKJSONSocketFramework.xcconfig */;
			buildSettings = {
				COMBINE_HIDPI_IMAGES = YES;
				DYLIB_COMPATIBILITY_VERSION = 1;
				DYLIB_CURRENT_VERSION = 1;
				FRAMEWORK_SEARCH_PATHS = (
					"$(inherited)",
					"$(DEVELOPER_FRAMEWORKS_DIR)",
				);
				FRAMEWORK_VERSION = A;
				GCC_ENABLE_OBJC_EXCEPTIONS = YES;
				GCC_PRECOMPILE_PREFIX_HEADER = YES;
				GCC_PREFIX_HEADER = "PKJSONSocket/Other Sources/PKJSONSocket-Prefix.pch";
				GCC_PREPROCESSOR_DEFINITIONS = (
					"DEBUG=1",
					"$(inherited)",
				);
				INFOPLIST_FILE = "PKJSONSocket/Resources/PKJSONSocket-Info.plist";
				MACOSX_DEPLOYMENT_TARGET = 10.8;
				OTHER_LDFLAGS = "$(inherited)";
				PRODUCT_NAME = "$(TARGET_NAME)";
				SDKROOT = macosx;
				WRAPPER_EXTENSION = framework;
			};
			name = Debug;
		};
		F9C1C3D9180F160000A206AC /* Release */ = {
			isa = XCBuildConfiguration;
			baseConfigurationReference = 23731CDA1D8549259486F68F /* Pods-PKJSONSocketFramework.xcconfig */;
			buildSettings = {
				COMBINE_HIDPI_IMAGES = YES;
				DEBUG_INFORMATION_FORMAT = "dwarf-with-dsym";
				DYLIB_COMPATIBILITY_VERSION = 1;
				DYLIB_CURRENT_VERSION = 1;
				FRAMEWORK_SEARCH_PATHS = (
					"$(inherited)",
					"$(DEVELOPER_FRAMEWORKS_DIR)",
				);
				FRAMEWORK_VERSION = A;
				GCC_ENABLE_OBJC_EXCEPTIONS = YES;
				GCC_PRECOMPILE_PREFIX_HEADER = YES;
				GCC_PREFIX_HEADER = "PKJSONSocket/Other Sources/PKJSONSocket-Prefix.pch";
				INFOPLIST_FILE = "PKJSONSocket/Resources/PKJSONSocket-Info.plist";
				MACOSX_DEPLOYMENT_TARGET = 10.8;
				OTHER_LDFLAGS = "$(inherited)";
				PRODUCT_NAME = "$(TARGET_NAME)";
				SDKROOT = macosx;
				WRAPPER_EXTENSION = framework;
			};
			name = Release;
		};
		F9EBD9D5180EDFD100711269 /* Debug */ = {
			isa = XCBuildConfiguration;
			buildSettings = {
				ALWAYS_SEARCH_USER_PATHS = NO;
				ARCHS = "$(ARCHS_STANDARD_INCLUDING_64_BIT)";
				CLANG_CXX_LANGUAGE_STANDARD = "gnu++0x";
				CLANG_CXX_LIBRARY = "libc++";
				CLANG_ENABLE_MODULES = YES;
				CLANG_ENABLE_OBJC_ARC = YES;
				CLANG_WARN_BOOL_CONVERSION = YES;
				CLANG_WARN_CONSTANT_CONVERSION = YES;
				CLANG_WARN_DIRECT_OBJC_ISA_USAGE = YES_ERROR;
				CLANG_WARN_EMPTY_BODY = YES;
				CLANG_WARN_ENUM_CONVERSION = YES;
				CLANG_WARN_INT_CONVERSION = YES;
				CLANG_WARN_OBJC_ROOT_CLASS = YES_ERROR;
				CLANG_WARN__DUPLICATE_METHOD_MATCH = YES;
				COPY_PHASE_STRIP = NO;
				GCC_C_LANGUAGE_STANDARD = gnu99;
				GCC_DYNAMIC_NO_PIC = NO;
				GCC_OPTIMIZATION_LEVEL = 0;
				GCC_PREPROCESSOR_DEFINITIONS = (
					"DEBUG=1",
					"$(inherited)",
				);
				GCC_SYMBOLS_PRIVATE_EXTERN = NO;
				GCC_WARN_64_TO_32_BIT_CONVERSION = YES;
				GCC_WARN_ABOUT_RETURN_TYPE = YES_ERROR;
				GCC_WARN_UNDECLARED_SELECTOR = YES;
				GCC_WARN_UNINITIALIZED_AUTOS = YES;
				GCC_WARN_UNUSED_FUNCTION = YES;
				GCC_WARN_UNUSED_VARIABLE = YES;
				IPHONEOS_DEPLOYMENT_TARGET = 7.0;
				ONLY_ACTIVE_ARCH = YES;
				SDKROOT = iphoneos;
			};
			name = Debug;
		};
		F9EBD9D6180EDFD100711269 /* Release */ = {
			isa = XCBuildConfiguration;
			buildSettings = {
				ALWAYS_SEARCH_USER_PATHS = NO;
				ARCHS = "$(ARCHS_STANDARD_INCLUDING_64_BIT)";
				CLANG_CXX_LANGUAGE_STANDARD = "gnu++0x";
				CLANG_CXX_LIBRARY = "libc++";
				CLANG_ENABLE_MODULES = YES;
				CLANG_ENABLE_OBJC_ARC = YES;
				CLANG_WARN_BOOL_CONVERSION = YES;
				CLANG_WARN_CONSTANT_CONVERSION = YES;
				CLANG_WARN_DIRECT_OBJC_ISA_USAGE = YES_ERROR;
				CLANG_WARN_EMPTY_BODY = YES;
				CLANG_WARN_ENUM_CONVERSION = YES;
				CLANG_WARN_INT_CONVERSION = YES;
				CLANG_WARN_OBJC_ROOT_CLASS = YES_ERROR;
				CLANG_WARN__DUPLICATE_METHOD_MATCH = YES;
				COPY_PHASE_STRIP = YES;
				ENABLE_NS_ASSERTIONS = NO;
				GCC_C_LANGUAGE_STANDARD = gnu99;
				GCC_WARN_64_TO_32_BIT_CONVERSION = YES;
				GCC_WARN_ABOUT_RETURN_TYPE = YES_ERROR;
				GCC_WARN_UNDECLARED_SELECTOR = YES;
				GCC_WARN_UNINITIALIZED_AUTOS = YES;
				GCC_WARN_UNUSED_FUNCTION = YES;
				GCC_WARN_UNUSED_VARIABLE = YES;
				IPHONEOS_DEPLOYMENT_TARGET = 7.0;
				SDKROOT = iphoneos;
				VALIDATE_PRODUCT = YES;
			};
			name = Release;
		};
/* End XCBuildConfiguration section */

/* Begin XCConfigurationList section */
		F90833CB180EFD420018C44E /* Build configuration list for PBXNativeTarget "libPKJSONSocket" */ = {
			isa = XCConfigurationList;
			buildConfigurations = (
				F90833CC180EFD420018C44E /* Debug */,
				F90833CD180EFD420018C44E /* Release */,
			);
			defaultConfigurationIsVisible = 0;
			defaultConfigurationName = Release;
		};
		F9C1C3D7180F160000A206AC /* Build configuration list for PBXNativeTarget "PKJSONSocketFramework" */ = {
			isa = XCConfigurationList;
			buildConfigurations = (
				F9C1C3D8180F160000A206AC /* Debug */,
				F9C1C3D9180F160000A206AC /* Release */,
			);
			defaultConfigurationIsVisible = 0;
			defaultConfigurationName = Release;
		};
		F9EBD9A8180EDFCD00711269 /* Build configuration list for PBXProject "PKJSONSocket" */ = {
			isa = XCConfigurationList;
			buildConfigurations = (
				F9EBD9D5180EDFD100711269 /* Debug */,
				F9EBD9D6180EDFD100711269 /* Release */,
			);
			defaultConfigurationIsVisible = 0;
			defaultConfigurationName = Release;
		};
/* End XCConfigurationList section */
	};
	rootObject = F9EBD9A5180EDFCD00711269 /* Project object */;
}
